
Microsoft Visual Studio Solution File, Format Version 12.00
# Visual Studio Version 17
VisualStudioVersion = 17.3.32819.101
MinimumVisualStudioVersion = 10.0.40219.1
Project("{FAE04EC0-301F-11D3-BF4B-00C04F79EFBC}") = "Labb2", "Labb2.csproj", "{B068CE98-94B9-40CD-94EC-2A24392DE015}"
EndProject
Project("{FAE04EC0-301F-11D3-BF4B-00C04F79EFBC}") = "Shapes", "..\Shapes\Shapes.csproj", "{3B526D4F-8639-4D13-AF69-4CB6E3557582}"
EndProject
Global
	GlobalSection(SolutionConfigurationPlatforms) = preSolution
		Debug|Any CPU = Debug|Any CPU
		Release|Any CPU = Release|Any CPU
	EndGlobalSection
	GlobalSection(ProjectConfigurationPlatforms) = postSolution
		{B068CE98-94B9-40CD-94EC-2A24392DE015}.Debug|Any CPU.ActiveCfg = Debug|Any CPU
		{B068CE98-94B9-40CD-94EC-2A24392DE015}.Debug|Any CPU.Build.0 = Debug|Any CPU
		{B068CE98-94B9-40CD-94EC-2A24392DE015}.Release|Any CPU.ActiveCfg = Release|Any CPU
		{B068CE98-94B9-40CD-94EC-2A24392DE015}.Release|Any CPU.Build.0 = Release|Any CPU
		{3B526D4F-8639-4D13-AF69-4CB6E3557582}.Debug|Any CPU.ActiveCfg = Debug|Any CPU
		{3B526D4F-8639-4D13-AF69-4CB6E3557582}.Debug|Any CPU.Build.0 = Debug|Any CPU
		{3B526D4F-8639-4D13-AF69-4CB6E3557582}.Release|Any CPU.ActiveCfg = Release|Any CPU
		{3B526D4F-8639-4D13-AF69-4CB6E3557582}.Release|Any CPU.Build.0 = Release|Any CPU
	EndGlobalSection
	GlobalSection(SolutionProperties) = preSolution
		HideSolutionNode = FALSE
	EndGlobalSection
	GlobalSection(ExtensibilityGlobals) = postSolution
		SolutionGuid = {1832DA56-067E-4826-AEF1-526B4B7EFE36}
	EndGlobalSection
EndGlobal
